
Microsoft Visual Studio Solution File, Format Version 12.00
# Visual Studio Version 17
VisualStudioVersion = 17.6.33815.320
MinimumVisualStudioVersion = 10.0.40219.1
Project("{FAE04EC0-301F-11D3-BF4B-00C04F79EFBC}") = "SweetAcademy.Web", "SweetAcademy.Web\SweetAcademy.Web.csproj", "{D68B3428-99F6-41BC-B1CC-C73B5ACC4F01}"
EndProject
Global
	GlobalSection(SolutionConfigurationPlatforms) = preSolution
		Debug|Any CPU = Debug|Any CPU
		Release|Any CPU = Release|Any CPU
	EndGlobalSection
	GlobalSection(ProjectConfigurationPlatforms) = postSolution
		{D68B3428-99F6-41BC-B1CC-C73B5ACC4F01}.Debug|Any CPU.ActiveCfg = Debug|Any CPU
		{D68B3428-99F6-41BC-B1CC-C73B5ACC4F01}.Debug|Any CPU.Build.0 = Debug|Any CPU
		{D68B3428-99F6-41BC-B1CC-C73B5ACC4F01}.Release|Any CPU.ActiveCfg = Release|Any CPU
		{D68B3428-99F6-41BC-B1CC-C73B5ACC4F01}.Release|Any CPU.Build.0 = Release|Any CPU
	EndGlobalSection
	GlobalSection(SolutionProperties) = preSolution
		HideSolutionNode = FALSE
	EndGlobalSection
	GlobalSection(ExtensibilityGlobals) = postSolution
		SolutionGuid = {FDE95933-9587-49F5-8F02-7C67C70135AF}
	EndGlobalSection
EndGlobal
